
Microsoft Visual Studio Solution File, Format Version 12.00
# Visual Studio 2013
VisualStudioVersion = 12.0.21005.1
MinimumVisualStudioVersion = 10.0.40219.1
Project("{8BC9CEB8-8B4A-11D0-8D11-00A0C91BC942}") = "Graphs4Social", "Graphs4Social\Graphs4Social.vcxproj", "{0620958B-CBCE-4BED-AA54-B73E2A940420}"
EndProject
Project("{2150E333-8FDC-42A3-9474-1A3956D46DE8}") = ".nuget", ".nuget", "{9DE7A7FC-6314-45B1-B9B0-5650B8112FC5}"
	ProjectSection(SolutionItems) = preProject
		.nuget\NuGet.Config = .nuget\NuGet.Config
		.nuget\NuGet.exe = .nuget\NuGet.exe
		.nuget\NuGet.targets = .nuget\NuGet.targets
	EndProjectSection
EndProject
Global
	GlobalSection(SolutionConfigurationPlatforms) = preSolution
		Debug|Win32 = Debug|Win32
		Release|Win32 = Release|Win32
	EndGlobalSection
	GlobalSection(ProjectConfigurationPlatforms) = postSolution
		{0620958B-CBCE-4BED-AA54-B73E2A940420}.Debug|Win32.ActiveCfg = Debug|Win32
		{0620958B-CBCE-4BED-AA54-B73E2A940420}.Debug|Win32.Build.0 = Debug|Win32
		{0620958B-CBCE-4BED-AA54-B73E2A940420}.Release|Win32.ActiveCfg = Release|Win32
		{0620958B-CBCE-4BED-AA54-B73E2A940420}.Release|Win32.Build.0 = Release|Win32
	EndGlobalSection
	GlobalSection(SolutionProperties) = preSolution
		HideSolutionNode = FALSE
	EndGlobalSection
EndGlobal
