
Microsoft Visual Studio Solution File, Format Version 12.00
# Visual Studio 2013
VisualStudioVersion = 12.0.21005.1
MinimumVisualStudioVersion = 10.0.40219.1
Project("{8BC9CEB8-8B4A-11D0-8D11-00A0C91BC942}") = "Graphs4Social", "Graphs4Social\Graphs4Social.vcxproj", "{0620958B-CBCE-4BED-AA54-B73E2A940420}"
EndProject
Project("{2150E333-8FDC-42A3-9474-1A3956D46DE8}") = ".nuget", ".nuget", "{9DE7A7FC-6314-45B1-B9B0-5650B8112FC5}"
	ProjectSection(SolutionItems) = preProject
		.nuget\NuGet.Config = .nuget\NuGet.Config
		.nuget\NuGet.exe = .nuget\NuGet.exe
		.nuget\NuGet.targets = .nuget\NuGet.targets
	EndProjectSection
EndProject
Project("{FAE04EC0-301F-11D3-BF4B-00C04F79EFBC}") = "WebSocial", "WebSocial\WebSocial.csproj", "{457F8BD8-1C39-4EC3-9449-3C0B3ABDE493}"
EndProject
Project("{FAE04EC0-301F-11D3-BF4B-00C04F79EFBC}") = "Resources", "Resources\Resources.csproj", "{F793F56F-AA3F-40EA-9422-EEDFBE9D07F7}"
EndProject
Global
	GlobalSection(SolutionConfigurationPlatforms) = preSolution
		Debug|Any CPU = Debug|Any CPU
		Debug|Mixed Platforms = Debug|Mixed Platforms
		Debug|Win32 = Debug|Win32
		Release|Any CPU = Release|Any CPU
		Release|Mixed Platforms = Release|Mixed Platforms
		Release|Win32 = Release|Win32
	EndGlobalSection
	GlobalSection(ProjectConfigurationPlatforms) = postSolution
		{0620958B-CBCE-4BED-AA54-B73E2A940420}.Debug|Any CPU.ActiveCfg = Debug|Win32
		{0620958B-CBCE-4BED-AA54-B73E2A940420}.Debug|Mixed Platforms.ActiveCfg = Debug|Win32
		{0620958B-CBCE-4BED-AA54-B73E2A940420}.Debug|Mixed Platforms.Build.0 = Debug|Win32
		{0620958B-CBCE-4BED-AA54-B73E2A940420}.Debug|Win32.ActiveCfg = Debug|Win32
		{0620958B-CBCE-4BED-AA54-B73E2A940420}.Debug|Win32.Build.0 = Debug|Win32
		{0620958B-CBCE-4BED-AA54-B73E2A940420}.Release|Any CPU.ActiveCfg = Release|Win32
		{0620958B-CBCE-4BED-AA54-B73E2A940420}.Release|Mixed Platforms.ActiveCfg = Release|Win32
		{0620958B-CBCE-4BED-AA54-B73E2A940420}.Release|Mixed Platforms.Build.0 = Release|Win32
		{0620958B-CBCE-4BED-AA54-B73E2A940420}.Release|Win32.ActiveCfg = Release|Win32
		{0620958B-CBCE-4BED-AA54-B73E2A940420}.Release|Win32.Build.0 = Release|Win32
		{457F8BD8-1C39-4EC3-9449-3C0B3ABDE493}.Debug|Any CPU.ActiveCfg = Debug|Any CPU
		{457F8BD8-1C39-4EC3-9449-3C0B3ABDE493}.Debug|Any CPU.Build.0 = Debug|Any CPU
		{457F8BD8-1C39-4EC3-9449-3C0B3ABDE493}.Debug|Mixed Platforms.ActiveCfg = Debug|Any CPU
		{457F8BD8-1C39-4EC3-9449-3C0B3ABDE493}.Debug|Mixed Platforms.Build.0 = Debug|Any CPU
		{457F8BD8-1C39-4EC3-9449-3C0B3ABDE493}.Debug|Win32.ActiveCfg = Debug|Any CPU
		{457F8BD8-1C39-4EC3-9449-3C0B3ABDE493}.Release|Any CPU.ActiveCfg = Release|Any CPU
		{457F8BD8-1C39-4EC3-9449-3C0B3ABDE493}.Release|Any CPU.Build.0 = Release|Any CPU
		{457F8BD8-1C39-4EC3-9449-3C0B3ABDE493}.Release|Mixed Platforms.ActiveCfg = Release|Any CPU
		{457F8BD8-1C39-4EC3-9449-3C0B3ABDE493}.Release|Mixed Platforms.Build.0 = Release|Any CPU
		{457F8BD8-1C39-4EC3-9449-3C0B3ABDE493}.Release|Win32.ActiveCfg = Release|Any CPU
		{F793F56F-AA3F-40EA-9422-EEDFBE9D07F7}.Debug|Any CPU.ActiveCfg = Debug|Any CPU
		{F793F56F-AA3F-40EA-9422-EEDFBE9D07F7}.Debug|Any CPU.Build.0 = Debug|Any CPU
		{F793F56F-AA3F-40EA-9422-EEDFBE9D07F7}.Debug|Mixed Platforms.ActiveCfg = Debug|Any CPU
		{F793F56F-AA3F-40EA-9422-EEDFBE9D07F7}.Debug|Mixed Platforms.Build.0 = Debug|Any CPU
		{F793F56F-AA3F-40EA-9422-EEDFBE9D07F7}.Debug|Win32.ActiveCfg = Debug|Any CPU
		{F793F56F-AA3F-40EA-9422-EEDFBE9D07F7}.Release|Any CPU.ActiveCfg = Release|Any CPU
		{F793F56F-AA3F-40EA-9422-EEDFBE9D07F7}.Release|Any CPU.Build.0 = Release|Any CPU
		{F793F56F-AA3F-40EA-9422-EEDFBE9D07F7}.Release|Mixed Platforms.ActiveCfg = Release|Any CPU
		{F793F56F-AA3F-40EA-9422-EEDFBE9D07F7}.Release|Mixed Platforms.Build.0 = Release|Any CPU
		{F793F56F-AA3F-40EA-9422-EEDFBE9D07F7}.Release|Win32.ActiveCfg = Release|Any CPU
	EndGlobalSection
	GlobalSection(SolutionProperties) = preSolution
		HideSolutionNode = FALSE
	EndGlobalSection
EndGlobal
