
Microsoft Visual Studio Solution File, Format Version 12.00
# Visual Studio 2013
VisualStudioVersion = 12.0.21005.1
MinimumVisualStudioVersion = 10.0.40219.1
Project("{8BC9CEB8-8B4A-11D0-8D11-00A0C91BC942}") = "Hangman", "Hangman\Hangman.vcxproj", "{9A01B653-A5AC-403F-BA9E-67B3C56448B3}"
EndProject
Global
	GlobalSection(SolutionConfigurationPlatforms) = preSolution
		Debug|Win32 = Debug|Win32
		Release|Win32 = Release|Win32
	EndGlobalSection
	GlobalSection(ProjectConfigurationPlatforms) = postSolution
		{9A01B653-A5AC-403F-BA9E-67B3C56448B3}.Debug|Win32.ActiveCfg = Debug|Win32
		{9A01B653-A5AC-403F-BA9E-67B3C56448B3}.Debug|Win32.Build.0 = Debug|Win32
		{9A01B653-A5AC-403F-BA9E-67B3C56448B3}.Release|Win32.ActiveCfg = Release|Win32
		{9A01B653-A5AC-403F-BA9E-67B3C56448B3}.Release|Win32.Build.0 = Release|Win32
	EndGlobalSection
	GlobalSection(SolutionProperties) = preSolution
		HideSolutionNode = FALSE
	EndGlobalSection
EndGlobal
